
Microsoft Visual Studio Solution File, Format Version 10.00
# Visual C++ Express 2008
Project("{8BC9CEB8-8B4A-11D0-8D11-00A0C91BC942}") = "1021_Fibonacci_Again", "1021_Fibonacci_Again\1021_Fibonacci_Again.vcproj", "{CDD06D7C-5046-44AE-8F81-E5251CA39DCD}"
EndProject
Global
	GlobalSection(SolutionConfigurationPlatforms) = preSolution
		Debug|Win32 = Debug|Win32
		Release|Win32 = Release|Win32
	EndGlobalSection
	GlobalSection(ProjectConfigurationPlatforms) = postSolution
		{CDD06D7C-5046-44AE-8F81-E5251CA39DCD}.Debug|Win32.ActiveCfg = Debug|Win32
		{CDD06D7C-5046-44AE-8F81-E5251CA39DCD}.Debug|Win32.Build.0 = Debug|Win32
		{CDD06D7C-5046-44AE-8F81-E5251CA39DCD}.Release|Win32.ActiveCfg = Release|Win32
		{CDD06D7C-5046-44AE-8F81-E5251CA39DCD}.Release|Win32.Build.0 = Release|Win32
	EndGlobalSection
	GlobalSection(SolutionProperties) = preSolution
		HideSolutionNode = FALSE
	EndGlobalSection
EndGlobal
