
Microsoft Visual Studio Solution File, Format Version 10.00
# Visual C++ Express 2008
Project("{8BC9CEB8-8B4A-11D0-8D11-00A0C91BC942}") = "0699_Arbitrage", "0699_Arbitrage\0699_Arbitrage.vcproj", "{20D081E0-76D8-4F2F-90C3-444AF92459A8}"
EndProject
Global
	GlobalSection(SolutionConfigurationPlatforms) = preSolution
		Debug|Win32 = Debug|Win32
		Release|Win32 = Release|Win32
	EndGlobalSection
	GlobalSection(ProjectConfigurationPlatforms) = postSolution
		{20D081E0-76D8-4F2F-90C3-444AF92459A8}.Debug|Win32.ActiveCfg = Debug|Win32
		{20D081E0-76D8-4F2F-90C3-444AF92459A8}.Debug|Win32.Build.0 = Debug|Win32
		{20D081E0-76D8-4F2F-90C3-444AF92459A8}.Release|Win32.ActiveCfg = Release|Win32
		{20D081E0-76D8-4F2F-90C3-444AF92459A8}.Release|Win32.Build.0 = Release|Win32
	EndGlobalSection
	GlobalSection(SolutionProperties) = preSolution
		HideSolutionNode = FALSE
	EndGlobalSection
EndGlobal
