
Microsoft Visual Studio Solution File, Format Version 10.00
# Visual C++ Express 2008
Project("{8BC9CEB8-8B4A-11D0-8D11-00A0C91BC942}") = "2107_Founding_of_HDU", "2107_Founding_of_HDU\2107_Founding_of_HDU.vcproj", "{3C67A4F9-CA1F-4C49-888D-A2015F04B48F}"
EndProject
Global
	GlobalSection(SolutionConfigurationPlatforms) = preSolution
		Debug|Win32 = Debug|Win32
		Release|Win32 = Release|Win32
	EndGlobalSection
	GlobalSection(ProjectConfigurationPlatforms) = postSolution
		{3C67A4F9-CA1F-4C49-888D-A2015F04B48F}.Debug|Win32.ActiveCfg = Debug|Win32
		{3C67A4F9-CA1F-4C49-888D-A2015F04B48F}.Debug|Win32.Build.0 = Debug|Win32
		{3C67A4F9-CA1F-4C49-888D-A2015F04B48F}.Release|Win32.ActiveCfg = Release|Win32
		{3C67A4F9-CA1F-4C49-888D-A2015F04B48F}.Release|Win32.Build.0 = Release|Win32
	EndGlobalSection
	GlobalSection(SolutionProperties) = preSolution
		HideSolutionNode = FALSE
	EndGlobalSection
EndGlobal
