
Microsoft Visual Studio Solution File, Format Version 10.00
# Visual C++ Express 2008
Project("{8BC9CEB8-8B4A-11D0-8D11-00A0C91BC942}") = "1145_So_you_want_to_be_a_2n-aire", "1145_So_you_want_to_be_a_2n-aire\1145_So_you_want_to_be_a_2n-aire.vcproj", "{08ACE3FB-4C86-455A-BA81-63477E0FC47E}"
EndProject
Global
	GlobalSection(SolutionConfigurationPlatforms) = preSolution
		Debug|Win32 = Debug|Win32
		Release|Win32 = Release|Win32
	EndGlobalSection
	GlobalSection(ProjectConfigurationPlatforms) = postSolution
		{08ACE3FB-4C86-455A-BA81-63477E0FC47E}.Debug|Win32.ActiveCfg = Debug|Win32
		{08ACE3FB-4C86-455A-BA81-63477E0FC47E}.Debug|Win32.Build.0 = Debug|Win32
		{08ACE3FB-4C86-455A-BA81-63477E0FC47E}.Release|Win32.ActiveCfg = Release|Win32
		{08ACE3FB-4C86-455A-BA81-63477E0FC47E}.Release|Win32.Build.0 = Release|Win32
	EndGlobalSection
	GlobalSection(SolutionProperties) = preSolution
		HideSolutionNode = FALSE
	EndGlobalSection
EndGlobal
