
Microsoft Visual Studio Solution File, Format Version 10.00
# Visual C++ Express 2008
Project("{8BC9CEB8-8B4A-11D0-8D11-00A0C91BC942}") = "1005_Number_Sequence", "1005_Number_Sequence\1005_Number_Sequence.vcproj", "{670E5753-F37D-4C1A-917D-708FECF1D30B}"
EndProject
Global
	GlobalSection(SolutionConfigurationPlatforms) = preSolution
		Debug|Win32 = Debug|Win32
		Release|Win32 = Release|Win32
	EndGlobalSection
	GlobalSection(ProjectConfigurationPlatforms) = postSolution
		{670E5753-F37D-4C1A-917D-708FECF1D30B}.Debug|Win32.ActiveCfg = Debug|Win32
		{670E5753-F37D-4C1A-917D-708FECF1D30B}.Debug|Win32.Build.0 = Debug|Win32
		{670E5753-F37D-4C1A-917D-708FECF1D30B}.Release|Win32.ActiveCfg = Release|Win32
		{670E5753-F37D-4C1A-917D-708FECF1D30B}.Release|Win32.Build.0 = Release|Win32
	EndGlobalSection
	GlobalSection(SolutionProperties) = preSolution
		HideSolutionNode = FALSE
	EndGlobalSection
EndGlobal
