
Microsoft Visual Studio Solution File, Format Version 10.00
# Visual Studio 2008
Project("{8BC9CEB8-8B4A-11D0-8D11-00A0C91BC942}") = "fence9", "fence9\fence9.vcproj", "{A60F4BE2-622E-44E6-885A-CFCAA1096541}"
EndProject
Global
	GlobalSection(SolutionConfigurationPlatforms) = preSolution
		Debug|Win32 = Debug|Win32
		Release|Win32 = Release|Win32
	EndGlobalSection
	GlobalSection(ProjectConfigurationPlatforms) = postSolution
		{A60F4BE2-622E-44E6-885A-CFCAA1096541}.Debug|Win32.ActiveCfg = Debug|Win32
		{A60F4BE2-622E-44E6-885A-CFCAA1096541}.Debug|Win32.Build.0 = Debug|Win32
		{A60F4BE2-622E-44E6-885A-CFCAA1096541}.Release|Win32.ActiveCfg = Release|Win32
		{A60F4BE2-622E-44E6-885A-CFCAA1096541}.Release|Win32.Build.0 = Release|Win32
	EndGlobalSection
	GlobalSection(SolutionProperties) = preSolution
		HideSolutionNode = FALSE
	EndGlobalSection
EndGlobal
