
Microsoft Visual Studio Solution File, Format Version 10.00
# Visual C++ Express 2008
Project("{8BC9CEB8-8B4A-11D0-8D11-00A0C91BC942}") = "1084_What_Is_Your_Grade", "1084_What_Is_Your_Grade\1084_What_Is_Your_Grade.vcproj", "{E0BFDE46-FAEE-4278-970D-F280622BAE29}"
EndProject
Global
	GlobalSection(SolutionConfigurationPlatforms) = preSolution
		Debug|Win32 = Debug|Win32
		Release|Win32 = Release|Win32
	EndGlobalSection
	GlobalSection(ProjectConfigurationPlatforms) = postSolution
		{E0BFDE46-FAEE-4278-970D-F280622BAE29}.Debug|Win32.ActiveCfg = Debug|Win32
		{E0BFDE46-FAEE-4278-970D-F280622BAE29}.Debug|Win32.Build.0 = Debug|Win32
		{E0BFDE46-FAEE-4278-970D-F280622BAE29}.Release|Win32.ActiveCfg = Release|Win32
		{E0BFDE46-FAEE-4278-970D-F280622BAE29}.Release|Win32.Build.0 = Release|Win32
	EndGlobalSection
	GlobalSection(SolutionProperties) = preSolution
		HideSolutionNode = FALSE
	EndGlobalSection
EndGlobal
