
Microsoft Visual Studio Solution File, Format Version 10.00
# Visual Studio 2008
Project("{8BC9CEB8-8B4A-11D0-8D11-00A0C91BC942}") = "shopping", "shopping\shopping.vcproj", "{F54F8169-702B-4FF8-893D-9EE724B1BD33}"
EndProject
Global
	GlobalSection(SolutionConfigurationPlatforms) = preSolution
		Debug|Win32 = Debug|Win32
		Release|Win32 = Release|Win32
	EndGlobalSection
	GlobalSection(ProjectConfigurationPlatforms) = postSolution
		{F54F8169-702B-4FF8-893D-9EE724B1BD33}.Debug|Win32.ActiveCfg = Debug|Win32
		{F54F8169-702B-4FF8-893D-9EE724B1BD33}.Debug|Win32.Build.0 = Debug|Win32
		{F54F8169-702B-4FF8-893D-9EE724B1BD33}.Release|Win32.ActiveCfg = Release|Win32
		{F54F8169-702B-4FF8-893D-9EE724B1BD33}.Release|Win32.Build.0 = Release|Win32
	EndGlobalSection
	GlobalSection(SolutionProperties) = preSolution
		HideSolutionNode = FALSE
	EndGlobalSection
EndGlobal
