
Microsoft Visual Studio Solution File, Format Version 10.00
# Visual C++ Express 2008
Project("{8BC9CEB8-8B4A-11D0-8D11-00A0C91BC942}") = "1094_A+B", "1094_A+B\1094_A+B.vcproj", "{0CBC86DE-8B86-4AE6-95B1-EADD765FB7CA}"
EndProject
Global
	GlobalSection(SolutionConfigurationPlatforms) = preSolution
		Debug|Win32 = Debug|Win32
		Release|Win32 = Release|Win32
	EndGlobalSection
	GlobalSection(ProjectConfigurationPlatforms) = postSolution
		{0CBC86DE-8B86-4AE6-95B1-EADD765FB7CA}.Debug|Win32.ActiveCfg = Debug|Win32
		{0CBC86DE-8B86-4AE6-95B1-EADD765FB7CA}.Debug|Win32.Build.0 = Debug|Win32
		{0CBC86DE-8B86-4AE6-95B1-EADD765FB7CA}.Release|Win32.ActiveCfg = Release|Win32
		{0CBC86DE-8B86-4AE6-95B1-EADD765FB7CA}.Release|Win32.Build.0 = Release|Win32
	EndGlobalSection
	GlobalSection(SolutionProperties) = preSolution
		HideSolutionNode = FALSE
	EndGlobalSection
EndGlobal
