
Microsoft Visual Studio Solution File, Format Version 10.00
# Visual C++ Express 2008
Project("{8BC9CEB8-8B4A-11D0-8D11-00A0C91BC942}") = "1178_Heritage_from_father", "1178_Heritage_from_father\1178_Heritage_from_father.vcproj", "{B33D6342-B951-442B-887F-1FF00381A412}"
EndProject
Global
	GlobalSection(SolutionConfigurationPlatforms) = preSolution
		Debug|Win32 = Debug|Win32
		Release|Win32 = Release|Win32
	EndGlobalSection
	GlobalSection(ProjectConfigurationPlatforms) = postSolution
		{B33D6342-B951-442B-887F-1FF00381A412}.Debug|Win32.ActiveCfg = Debug|Win32
		{B33D6342-B951-442B-887F-1FF00381A412}.Debug|Win32.Build.0 = Debug|Win32
		{B33D6342-B951-442B-887F-1FF00381A412}.Release|Win32.ActiveCfg = Release|Win32
		{B33D6342-B951-442B-887F-1FF00381A412}.Release|Win32.Build.0 = Release|Win32
	EndGlobalSection
	GlobalSection(SolutionProperties) = preSolution
		HideSolutionNode = FALSE
	EndGlobalSection
EndGlobal
