
Microsoft Visual Studio Solution File, Format Version 10.00
# Visual Studio 2008
Project("{8BC9CEB8-8B4A-11D0-8D11-00A0C91BC942}") = "kimbits", "kimbits\kimbits.vcproj", "{7FA8577E-09D5-44FC-838F-3A2EE55B855A}"
EndProject
Global
	GlobalSection(SolutionConfigurationPlatforms) = preSolution
		Debug|Win32 = Debug|Win32
		Release|Win32 = Release|Win32
	EndGlobalSection
	GlobalSection(ProjectConfigurationPlatforms) = postSolution
		{7FA8577E-09D5-44FC-838F-3A2EE55B855A}.Debug|Win32.ActiveCfg = Debug|Win32
		{7FA8577E-09D5-44FC-838F-3A2EE55B855A}.Debug|Win32.Build.0 = Debug|Win32
		{7FA8577E-09D5-44FC-838F-3A2EE55B855A}.Release|Win32.ActiveCfg = Release|Win32
		{7FA8577E-09D5-44FC-838F-3A2EE55B855A}.Release|Win32.Build.0 = Release|Win32
	EndGlobalSection
	GlobalSection(SolutionProperties) = preSolution
		HideSolutionNode = FALSE
	EndGlobalSection
EndGlobal
