
Microsoft Visual Studio Solution File, Format Version 9.00
# Visual Studio 2005
Project("{8BC9CEB8-8B4A-11D0-8D11-00A0C91BC942}") = "beads", "beads\beads.vcproj", "{6D564996-6EBC-4890-9FF8-AC1BA45D6A8D}"
EndProject
Global
	GlobalSection(SolutionConfigurationPlatforms) = preSolution
		Debug|Win32 = Debug|Win32
		Release|Win32 = Release|Win32
	EndGlobalSection
	GlobalSection(ProjectConfigurationPlatforms) = postSolution
		{6D564996-6EBC-4890-9FF8-AC1BA45D6A8D}.Debug|Win32.ActiveCfg = Debug|Win32
		{6D564996-6EBC-4890-9FF8-AC1BA45D6A8D}.Debug|Win32.Build.0 = Debug|Win32
		{6D564996-6EBC-4890-9FF8-AC1BA45D6A8D}.Release|Win32.ActiveCfg = Release|Win32
		{6D564996-6EBC-4890-9FF8-AC1BA45D6A8D}.Release|Win32.Build.0 = Release|Win32
	EndGlobalSection
	GlobalSection(SolutionProperties) = preSolution
		HideSolutionNode = FALSE
	EndGlobalSection
EndGlobal
