
Microsoft Visual Studio Solution File, Format Version 11.00
# Visual Studio 2010
Project("{8BC9CEB8-8B4A-11D0-8D11-00A0C91BC942}") = "2010QR-A-Store_Credit", "2010QR-A-Store_Credit\2010QR-A-Store_Credit.vcxproj", "{C5FF4E5C-A45D-4C69-88D2-CB1E45C1979E}"
EndProject
Global
	GlobalSection(SolutionConfigurationPlatforms) = preSolution
		Debug|Win32 = Debug|Win32
		Release|Win32 = Release|Win32
	EndGlobalSection
	GlobalSection(ProjectConfigurationPlatforms) = postSolution
		{C5FF4E5C-A45D-4C69-88D2-CB1E45C1979E}.Debug|Win32.ActiveCfg = Debug|Win32
		{C5FF4E5C-A45D-4C69-88D2-CB1E45C1979E}.Debug|Win32.Build.0 = Debug|Win32
		{C5FF4E5C-A45D-4C69-88D2-CB1E45C1979E}.Release|Win32.ActiveCfg = Release|Win32
		{C5FF4E5C-A45D-4C69-88D2-CB1E45C1979E}.Release|Win32.Build.0 = Release|Win32
	EndGlobalSection
	GlobalSection(SolutionProperties) = preSolution
		HideSolutionNode = FALSE
	EndGlobalSection
EndGlobal
