
Microsoft Visual Studio Solution File, Format Version 10.00
# Visual C++ Express 2008
Project("{8BC9CEB8-8B4A-11D0-8D11-00A0C91BC942}") = "2018_母牛的故事", "2018_母牛的故事\2018_母牛的故事.vcproj", "{4A6E6759-BF08-4E4D-B670-9579F9200B9E}"
EndProject
Global
	GlobalSection(SolutionConfigurationPlatforms) = preSolution
		Debug|Win32 = Debug|Win32
		Release|Win32 = Release|Win32
	EndGlobalSection
	GlobalSection(ProjectConfigurationPlatforms) = postSolution
		{4A6E6759-BF08-4E4D-B670-9579F9200B9E}.Debug|Win32.ActiveCfg = Debug|Win32
		{4A6E6759-BF08-4E4D-B670-9579F9200B9E}.Debug|Win32.Build.0 = Debug|Win32
		{4A6E6759-BF08-4E4D-B670-9579F9200B9E}.Release|Win32.ActiveCfg = Release|Win32
		{4A6E6759-BF08-4E4D-B670-9579F9200B9E}.Release|Win32.Build.0 = Release|Win32
	EndGlobalSection
	GlobalSection(SolutionProperties) = preSolution
		HideSolutionNode = FALSE
	EndGlobalSection
EndGlobal
