
Microsoft Visual Studio Solution File, Format Version 10.00
# Visual C++ Express 2008
Project("{8BC9CEB8-8B4A-11D0-8D11-00A0C91BC942}") = "1207_汉诺塔II", "1207_汉诺塔II\1207_汉诺塔II.vcproj", "{F418F03C-5C4E-470D-9D60-E4ED68FAAB8E}"
EndProject
Global
	GlobalSection(SolutionConfigurationPlatforms) = preSolution
		Debug|Win32 = Debug|Win32
		Release|Win32 = Release|Win32
	EndGlobalSection
	GlobalSection(ProjectConfigurationPlatforms) = postSolution
		{F418F03C-5C4E-470D-9D60-E4ED68FAAB8E}.Debug|Win32.ActiveCfg = Debug|Win32
		{F418F03C-5C4E-470D-9D60-E4ED68FAAB8E}.Debug|Win32.Build.0 = Debug|Win32
		{F418F03C-5C4E-470D-9D60-E4ED68FAAB8E}.Release|Win32.ActiveCfg = Release|Win32
		{F418F03C-5C4E-470D-9D60-E4ED68FAAB8E}.Release|Win32.Build.0 = Release|Win32
	EndGlobalSection
	GlobalSection(SolutionProperties) = preSolution
		HideSolutionNode = FALSE
	EndGlobalSection
EndGlobal
