
Microsoft Visual Studio Solution File, Format Version 10.00
# Visual C++ Express 2008
Project("{8BC9CEB8-8B4A-11D0-8D11-00A0C91BC942}") = "2039_三角形", "2039_三角形\2039_三角形.vcproj", "{CF0C8C8D-D434-4A2A-A0A0-721E2FECD7C5}"
EndProject
Global
	GlobalSection(SolutionConfigurationPlatforms) = preSolution
		Debug|Win32 = Debug|Win32
		Release|Win32 = Release|Win32
	EndGlobalSection
	GlobalSection(ProjectConfigurationPlatforms) = postSolution
		{CF0C8C8D-D434-4A2A-A0A0-721E2FECD7C5}.Debug|Win32.ActiveCfg = Debug|Win32
		{CF0C8C8D-D434-4A2A-A0A0-721E2FECD7C5}.Debug|Win32.Build.0 = Debug|Win32
		{CF0C8C8D-D434-4A2A-A0A0-721E2FECD7C5}.Release|Win32.ActiveCfg = Release|Win32
		{CF0C8C8D-D434-4A2A-A0A0-721E2FECD7C5}.Release|Win32.Build.0 = Release|Win32
	EndGlobalSection
	GlobalSection(SolutionProperties) = preSolution
		HideSolutionNode = FALSE
	EndGlobalSection
EndGlobal
