
Microsoft Visual Studio Solution File, Format Version 10.00
# Visual C++ Express 2008
Project("{8BC9CEB8-8B4A-11D0-8D11-00A0C91BC942}") = "1162_Eddy's_picture", "1162_Eddy's_picture\1162_Eddy's_picture.vcproj", "{C5E2B241-7288-40AD-9383-454BB715A90F}"
EndProject
Global
	GlobalSection(SolutionConfigurationPlatforms) = preSolution
		Debug|Win32 = Debug|Win32
		Release|Win32 = Release|Win32
	EndGlobalSection
	GlobalSection(ProjectConfigurationPlatforms) = postSolution
		{C5E2B241-7288-40AD-9383-454BB715A90F}.Debug|Win32.ActiveCfg = Debug|Win32
		{C5E2B241-7288-40AD-9383-454BB715A90F}.Debug|Win32.Build.0 = Debug|Win32
		{C5E2B241-7288-40AD-9383-454BB715A90F}.Release|Win32.ActiveCfg = Release|Win32
		{C5E2B241-7288-40AD-9383-454BB715A90F}.Release|Win32.Build.0 = Release|Win32
	EndGlobalSection
	GlobalSection(SolutionProperties) = preSolution
		HideSolutionNode = FALSE
	EndGlobalSection
EndGlobal
