
Microsoft Visual Studio Solution File, Format Version 10.00
# Visual C++ Express 2008
Project("{8BC9CEB8-8B4A-11D0-8D11-00A0C91BC942}") = "1204_糖果大战", "1204_糖果大战\1204_糖果大战.vcproj", "{58CC277E-ECB8-4151-BD7A-3C09A4DAFE2F}"
EndProject
Global
	GlobalSection(SolutionConfigurationPlatforms) = preSolution
		Debug|Win32 = Debug|Win32
		Release|Win32 = Release|Win32
	EndGlobalSection
	GlobalSection(ProjectConfigurationPlatforms) = postSolution
		{58CC277E-ECB8-4151-BD7A-3C09A4DAFE2F}.Debug|Win32.ActiveCfg = Debug|Win32
		{58CC277E-ECB8-4151-BD7A-3C09A4DAFE2F}.Debug|Win32.Build.0 = Debug|Win32
		{58CC277E-ECB8-4151-BD7A-3C09A4DAFE2F}.Release|Win32.ActiveCfg = Release|Win32
		{58CC277E-ECB8-4151-BD7A-3C09A4DAFE2F}.Release|Win32.Build.0 = Release|Win32
	EndGlobalSection
	GlobalSection(SolutionProperties) = preSolution
		HideSolutionNode = FALSE
	EndGlobalSection
EndGlobal
