
Microsoft Visual Studio Solution File, Format Version 10.00
# Visual C++ Express 2008
Project("{8BC9CEB8-8B4A-11D0-8D11-00A0C91BC942}") = "1023_Train_Problem_II", "1023_Train_Problem_II\1023_Train_Problem_II.vcproj", "{5A0C1E79-A771-43AC-9639-6B830CD6AA55}"
EndProject
Global
	GlobalSection(SolutionConfigurationPlatforms) = preSolution
		Debug|Win32 = Debug|Win32
		Release|Win32 = Release|Win32
	EndGlobalSection
	GlobalSection(ProjectConfigurationPlatforms) = postSolution
		{5A0C1E79-A771-43AC-9639-6B830CD6AA55}.Debug|Win32.ActiveCfg = Debug|Win32
		{5A0C1E79-A771-43AC-9639-6B830CD6AA55}.Debug|Win32.Build.0 = Debug|Win32
		{5A0C1E79-A771-43AC-9639-6B830CD6AA55}.Release|Win32.ActiveCfg = Release|Win32
		{5A0C1E79-A771-43AC-9639-6B830CD6AA55}.Release|Win32.Build.0 = Release|Win32
	EndGlobalSection
	GlobalSection(SolutionProperties) = preSolution
		HideSolutionNode = FALSE
	EndGlobalSection
EndGlobal
