
Microsoft Visual Studio Solution File, Format Version 10.00
# Visual C++ Express 2008
Project("{8BC9CEB8-8B4A-11D0-8D11-00A0C91BC942}") = "1406_完数", "1406_完数\1406_完数.vcproj", "{018AC9E7-E4E1-4E81-A881-DB5574B5A5A1}"
EndProject
Global
	GlobalSection(SolutionConfigurationPlatforms) = preSolution
		Debug|Win32 = Debug|Win32
		Release|Win32 = Release|Win32
	EndGlobalSection
	GlobalSection(ProjectConfigurationPlatforms) = postSolution
		{018AC9E7-E4E1-4E81-A881-DB5574B5A5A1}.Debug|Win32.ActiveCfg = Debug|Win32
		{018AC9E7-E4E1-4E81-A881-DB5574B5A5A1}.Debug|Win32.Build.0 = Debug|Win32
		{018AC9E7-E4E1-4E81-A881-DB5574B5A5A1}.Release|Win32.ActiveCfg = Release|Win32
		{018AC9E7-E4E1-4E81-A881-DB5574B5A5A1}.Release|Win32.Build.0 = Release|Win32
	EndGlobalSection
	GlobalSection(SolutionProperties) = preSolution
		HideSolutionNode = FALSE
	EndGlobalSection
EndGlobal
