
Microsoft Visual Studio Solution File, Format Version 10.00
# Visual C++ Express 2008
Project("{8BC9CEB8-8B4A-11D0-8D11-00A0C91BC942}") = "1161_Eddy's_mistakes", "1161_Eddy's_mistakes\1161_Eddy's_mistakes.vcproj", "{212FC872-E4F6-418C-8C02-7E51E87D0379}"
EndProject
Global
	GlobalSection(SolutionConfigurationPlatforms) = preSolution
		Debug|Win32 = Debug|Win32
		Release|Win32 = Release|Win32
	EndGlobalSection
	GlobalSection(ProjectConfigurationPlatforms) = postSolution
		{212FC872-E4F6-418C-8C02-7E51E87D0379}.Debug|Win32.ActiveCfg = Debug|Win32
		{212FC872-E4F6-418C-8C02-7E51E87D0379}.Debug|Win32.Build.0 = Debug|Win32
		{212FC872-E4F6-418C-8C02-7E51E87D0379}.Release|Win32.ActiveCfg = Release|Win32
		{212FC872-E4F6-418C-8C02-7E51E87D0379}.Release|Win32.Build.0 = Release|Win32
	EndGlobalSection
	GlobalSection(SolutionProperties) = preSolution
		HideSolutionNode = FALSE
	EndGlobalSection
EndGlobal
