
Microsoft Visual Studio Solution File, Format Version 10.00
# Visual C++ Express 2008
Project("{8BC9CEB8-8B4A-11D0-8D11-00A0C91BC942}") = "1017_A_Mathematical_Curiosity", "1017_A_Mathematical_Curiosity\1017_A_Mathematical_Curiosity.vcproj", "{AF3C3B28-146D-44C5-B6E4-0DF19630302D}"
EndProject
Global
	GlobalSection(SolutionConfigurationPlatforms) = preSolution
		Debug|Win32 = Debug|Win32
		Release|Win32 = Release|Win32
	EndGlobalSection
	GlobalSection(ProjectConfigurationPlatforms) = postSolution
		{AF3C3B28-146D-44C5-B6E4-0DF19630302D}.Debug|Win32.ActiveCfg = Debug|Win32
		{AF3C3B28-146D-44C5-B6E4-0DF19630302D}.Debug|Win32.Build.0 = Debug|Win32
		{AF3C3B28-146D-44C5-B6E4-0DF19630302D}.Release|Win32.ActiveCfg = Release|Win32
		{AF3C3B28-146D-44C5-B6E4-0DF19630302D}.Release|Win32.Build.0 = Release|Win32
	EndGlobalSection
	GlobalSection(SolutionProperties) = preSolution
		HideSolutionNode = FALSE
	EndGlobalSection
EndGlobal
