
Microsoft Visual Studio Solution File, Format Version 10.00
# Visual C++ Express 2008
Project("{8BC9CEB8-8B4A-11D0-8D11-00A0C91BC942}") = "2079_选课时间", "2079_选课时间\2079_选课时间.vcproj", "{84A0AA1C-B662-4820-8261-FD4066441CAA}"
EndProject
Global
	GlobalSection(SolutionConfigurationPlatforms) = preSolution
		Debug|Win32 = Debug|Win32
		Release|Win32 = Release|Win32
	EndGlobalSection
	GlobalSection(ProjectConfigurationPlatforms) = postSolution
		{84A0AA1C-B662-4820-8261-FD4066441CAA}.Debug|Win32.ActiveCfg = Debug|Win32
		{84A0AA1C-B662-4820-8261-FD4066441CAA}.Debug|Win32.Build.0 = Debug|Win32
		{84A0AA1C-B662-4820-8261-FD4066441CAA}.Release|Win32.ActiveCfg = Release|Win32
		{84A0AA1C-B662-4820-8261-FD4066441CAA}.Release|Win32.Build.0 = Release|Win32
	EndGlobalSection
	GlobalSection(SolutionProperties) = preSolution
		HideSolutionNode = FALSE
	EndGlobalSection
EndGlobal
