<?xml version="1.0" encoding="UTF-8" standalone="yes" ?>
<CodeBlocks_project_file>
   <FileVersion major="1" minor="6" />
   <Project>
      <Option title="hdoj_2160" />
      <Option makefile_is_custom="1" />
      <Option compiler="gcc" />
      <Option virtualFolders="CMake Files\;" />
      <Build>
      <Target title="all">
         <Option working_dir="D:/docs/ACM/HDOJ/2160_Pigs_story/build-release" />
         <Option type="4" />
         <MakeCommands>
            <Build command="D:/programming/MinGW/bin/mingw32-make.exe -f &quot;D:/docs/ACM/HDOJ/2160_Pigs_story/build-release/Makefile&quot;  VERBOSE=1 all" />
            <CompileFile command="D:/programming/MinGW/bin/mingw32-make.exe -f &quot;D:/docs/ACM/HDOJ/2160_Pigs_story/build-release/Makefile&quot;  VERBOSE=1 &quot;$file&quot;" />
            <Clean command="D:/programming/MinGW/bin/mingw32-make.exe -f &quot;D:/docs/ACM/HDOJ/2160_Pigs_story/build-release/Makefile&quot;  VERBOSE=1 clean" />
            <DistClean command="D:/programming/MinGW/bin/mingw32-make.exe -f &quot;D:/docs/ACM/HDOJ/2160_Pigs_story/build-release/Makefile&quot;  VERBOSE=1 clean" />
         </MakeCommands>
      </Target>
      <Target title="edit_cache">
         <Option working_dir="D:/docs/ACM/HDOJ/2160_Pigs_story/build-release" />
         <Option type="4" />
         <MakeCommands>
            <Build command="D:/programming/MinGW/bin/mingw32-make.exe -f &quot;D:/docs/ACM/HDOJ/2160_Pigs_story/build-release/Makefile&quot;  VERBOSE=1 edit_cache" />
            <CompileFile command="D:/programming/MinGW/bin/mingw32-make.exe -f &quot;D:/docs/ACM/HDOJ/2160_Pigs_story/build-release/Makefile&quot;  VERBOSE=1 &quot;$file&quot;" />
            <Clean command="D:/programming/MinGW/bin/mingw32-make.exe -f &quot;D:/docs/ACM/HDOJ/2160_Pigs_story/build-release/Makefile&quot;  VERBOSE=1 clean" />
            <DistClean command="D:/programming/MinGW/bin/mingw32-make.exe -f &quot;D:/docs/ACM/HDOJ/2160_Pigs_story/build-release/Makefile&quot;  VERBOSE=1 clean" />
         </MakeCommands>
      </Target>
      <Target title="hdoj_2160">
         <Option output="D:/docs/ACM/HDOJ/2160_Pigs_story/build-release/hdoj_2160.exe" prefix_auto="0" extension_auto="0" />
         <Option working_dir="D:/docs/ACM/HDOJ/2160_Pigs_story/build-release" />
         <Option object_output="./" />
         <Option type="1" />
         <Option compiler="gcc" />
         <Compiler>
            <Add directory="d:\programming\mingw\bin\../lib/gcc/mingw32/4.6.2/../../../../include" />
            <Add directory="d:\programming\mingw\bin\../lib/gcc/mingw32/4.6.2/include" />
            <Add directory="d:\programming\mingw\bin\../lib/gcc/mingw32/4.6.2/include-fixed" />
            <Add directory="d:\programming\mingw\bin\../lib/gcc/mingw32/4.6.2/include/c++" />
            <Add directory="d:\programming\mingw\bin\../lib/gcc/mingw32/4.6.2/include/c++/backward" />
            <Add directory="d:\programming\mingw\bin\../lib/gcc/mingw32/4.6.2/include/c++/mingw32" />
         </Compiler>
         <MakeCommands>
            <Build command="D:/programming/MinGW/bin/mingw32-make.exe -f &quot;D:/docs/ACM/HDOJ/2160_Pigs_story/build-release/Makefile&quot;  VERBOSE=1 hdoj_2160" />
            <CompileFile command="D:/programming/MinGW/bin/mingw32-make.exe -f &quot;D:/docs/ACM/HDOJ/2160_Pigs_story/build-release/Makefile&quot;  VERBOSE=1 &quot;$file&quot;" />
            <Clean command="D:/programming/MinGW/bin/mingw32-make.exe -f &quot;D:/docs/ACM/HDOJ/2160_Pigs_story/build-release/Makefile&quot;  VERBOSE=1 clean" />
            <DistClean command="D:/programming/MinGW/bin/mingw32-make.exe -f &quot;D:/docs/ACM/HDOJ/2160_Pigs_story/build-release/Makefile&quot;  VERBOSE=1 clean" />
         </MakeCommands>
      </Target>
      <Target title="hdoj_2160/fast">
         <Option output="D:/docs/ACM/HDOJ/2160_Pigs_story/build-release/hdoj_2160.exe" prefix_auto="0" extension_auto="0" />
         <Option working_dir="D:/docs/ACM/HDOJ/2160_Pigs_story/build-release" />
         <Option object_output="./" />
         <Option type="1" />
         <Option compiler="gcc" />
         <Compiler>
            <Add directory="d:\programming\mingw\bin\../lib/gcc/mingw32/4.6.2/../../../../include" />
            <Add directory="d:\programming\mingw\bin\../lib/gcc/mingw32/4.6.2/include" />
            <Add directory="d:\programming\mingw\bin\../lib/gcc/mingw32/4.6.2/include-fixed" />
            <Add directory="d:\programming\mingw\bin\../lib/gcc/mingw32/4.6.2/include/c++" />
            <Add directory="d:\programming\mingw\bin\../lib/gcc/mingw32/4.6.2/include/c++/backward" />
            <Add directory="d:\programming\mingw\bin\../lib/gcc/mingw32/4.6.2/include/c++/mingw32" />
         </Compiler>
         <MakeCommands>
            <Build command="D:/programming/MinGW/bin/mingw32-make.exe -f &quot;D:/docs/ACM/HDOJ/2160_Pigs_story/build-release/Makefile&quot;  VERBOSE=1 hdoj_2160/fast" />
            <CompileFile command="D:/programming/MinGW/bin/mingw32-make.exe -f &quot;D:/docs/ACM/HDOJ/2160_Pigs_story/build-release/Makefile&quot;  VERBOSE=1 &quot;$file&quot;" />
            <Clean command="D:/programming/MinGW/bin/mingw32-make.exe -f &quot;D:/docs/ACM/HDOJ/2160_Pigs_story/build-release/Makefile&quot;  VERBOSE=1 clean" />
            <DistClean command="D:/programming/MinGW/bin/mingw32-make.exe -f &quot;D:/docs/ACM/HDOJ/2160_Pigs_story/build-release/Makefile&quot;  VERBOSE=1 clean" />
         </MakeCommands>
      </Target>
      <Target title="rebuild_cache">
         <Option working_dir="D:/docs/ACM/HDOJ/2160_Pigs_story/build-release" />
         <Option type="4" />
         <MakeCommands>
            <Build command="D:/programming/MinGW/bin/mingw32-make.exe -f &quot;D:/docs/ACM/HDOJ/2160_Pigs_story/build-release/Makefile&quot;  VERBOSE=1 rebuild_cache" />
            <CompileFile command="D:/programming/MinGW/bin/mingw32-make.exe -f &quot;D:/docs/ACM/HDOJ/2160_Pigs_story/build-release/Makefile&quot;  VERBOSE=1 &quot;$file&quot;" />
            <Clean command="D:/programming/MinGW/bin/mingw32-make.exe -f &quot;D:/docs/ACM/HDOJ/2160_Pigs_story/build-release/Makefile&quot;  VERBOSE=1 clean" />
            <DistClean command="D:/programming/MinGW/bin/mingw32-make.exe -f &quot;D:/docs/ACM/HDOJ/2160_Pigs_story/build-release/Makefile&quot;  VERBOSE=1 clean" />
         </MakeCommands>
      </Target>
      </Build>
      <Unit filename="D:/docs/ACM/HDOJ/2160_Pigs_story/src/main.cpp">
      </Unit>
      <Unit filename="D:/docs/ACM/HDOJ/2160_Pigs_story/src/CMakeLists.txt">
          <Option virtualFolder="CMake Files\" />
      </Unit>
   </Project>
</CodeBlocks_project_file>
