
Microsoft Visual Studio Solution File, Format Version 10.00
# Visual Studio 2008
Project("{8BC9CEB8-8B4A-11D0-8D11-00A0C91BC942}") = "1006_Biorhythms", "1006_Biorhythms\1006_Biorhythms.vcproj", "{CE0DA3BF-BBC6-4245-BF71-4E3A2F50B7F0}"
EndProject
Global
	GlobalSection(SolutionConfigurationPlatforms) = preSolution
		Debug|Win32 = Debug|Win32
		Release|Win32 = Release|Win32
	EndGlobalSection
	GlobalSection(ProjectConfigurationPlatforms) = postSolution
		{CE0DA3BF-BBC6-4245-BF71-4E3A2F50B7F0}.Debug|Win32.ActiveCfg = Debug|Win32
		{CE0DA3BF-BBC6-4245-BF71-4E3A2F50B7F0}.Debug|Win32.Build.0 = Debug|Win32
		{CE0DA3BF-BBC6-4245-BF71-4E3A2F50B7F0}.Release|Win32.ActiveCfg = Release|Win32
		{CE0DA3BF-BBC6-4245-BF71-4E3A2F50B7F0}.Release|Win32.Build.0 = Release|Win32
	EndGlobalSection
	GlobalSection(SolutionProperties) = preSolution
		HideSolutionNode = FALSE
	EndGlobalSection
EndGlobal
