
Microsoft Visual Studio Solution File, Format Version 10.00
# Visual Studio 2008
Project("{8BC9CEB8-8B4A-11D0-8D11-00A0C91BC942}") = "cowcycle", "cowcycle\cowcycle.vcproj", "{6B8DC3E4-65D4-4688-BA19-FF6599D04626}"
EndProject
Global
	GlobalSection(SolutionConfigurationPlatforms) = preSolution
		Debug|Win32 = Debug|Win32
		Release|Win32 = Release|Win32
	EndGlobalSection
	GlobalSection(ProjectConfigurationPlatforms) = postSolution
		{6B8DC3E4-65D4-4688-BA19-FF6599D04626}.Debug|Win32.ActiveCfg = Debug|Win32
		{6B8DC3E4-65D4-4688-BA19-FF6599D04626}.Debug|Win32.Build.0 = Debug|Win32
		{6B8DC3E4-65D4-4688-BA19-FF6599D04626}.Release|Win32.ActiveCfg = Release|Win32
		{6B8DC3E4-65D4-4688-BA19-FF6599D04626}.Release|Win32.Build.0 = Release|Win32
	EndGlobalSection
	GlobalSection(SolutionProperties) = preSolution
		HideSolutionNode = FALSE
	EndGlobalSection
EndGlobal
