
Microsoft Visual Studio Solution File, Format Version 10.00
# Visual C++ Express 2008
Project("{8BC9CEB8-8B4A-11D0-8D11-00A0C91BC942}") = "2060_Snooker", "2060_Snooker\2060_Snooker.vcproj", "{1A1BAD9C-1C40-49CF-9656-B0097EDC0978}"
EndProject
Global
	GlobalSection(SolutionConfigurationPlatforms) = preSolution
		Debug|Win32 = Debug|Win32
		Release|Win32 = Release|Win32
	EndGlobalSection
	GlobalSection(ProjectConfigurationPlatforms) = postSolution
		{1A1BAD9C-1C40-49CF-9656-B0097EDC0978}.Debug|Win32.ActiveCfg = Debug|Win32
		{1A1BAD9C-1C40-49CF-9656-B0097EDC0978}.Debug|Win32.Build.0 = Debug|Win32
		{1A1BAD9C-1C40-49CF-9656-B0097EDC0978}.Release|Win32.ActiveCfg = Release|Win32
		{1A1BAD9C-1C40-49CF-9656-B0097EDC0978}.Release|Win32.Build.0 = Release|Win32
	EndGlobalSection
	GlobalSection(SolutionProperties) = preSolution
		HideSolutionNode = FALSE
	EndGlobalSection
EndGlobal
