
Microsoft Visual Studio Solution File, Format Version 10.00
# Visual C++ Express 2008
Project("{8BC9CEB8-8B4A-11D0-8D11-00A0C91BC942}") = "2078_复习时间", "2078_复习时间\2078_复习时间.vcproj", "{D500B229-2C9F-459A-B547-96ED53A6AC38}"
EndProject
Global
	GlobalSection(SolutionConfigurationPlatforms) = preSolution
		Debug|Win32 = Debug|Win32
		Release|Win32 = Release|Win32
	EndGlobalSection
	GlobalSection(ProjectConfigurationPlatforms) = postSolution
		{D500B229-2C9F-459A-B547-96ED53A6AC38}.Debug|Win32.ActiveCfg = Debug|Win32
		{D500B229-2C9F-459A-B547-96ED53A6AC38}.Debug|Win32.Build.0 = Debug|Win32
		{D500B229-2C9F-459A-B547-96ED53A6AC38}.Release|Win32.ActiveCfg = Release|Win32
		{D500B229-2C9F-459A-B547-96ED53A6AC38}.Release|Win32.Build.0 = Release|Win32
	EndGlobalSection
	GlobalSection(SolutionProperties) = preSolution
		HideSolutionNode = FALSE
	EndGlobalSection
EndGlobal
