
Microsoft Visual Studio Solution File, Format Version 10.00
# Visual C++ Express 2008
Project("{8BC9CEB8-8B4A-11D0-8D11-00A0C91BC942}") = "1016_Prime_Ring_Problem", "1016_Prime_Ring_Problem\1016_Prime_Ring_Problem.vcproj", "{F4CCCF8C-2D30-498B-B3F6-691E00718D35}"
EndProject
Global
	GlobalSection(SolutionConfigurationPlatforms) = preSolution
		Debug|Win32 = Debug|Win32
		Release|Win32 = Release|Win32
	EndGlobalSection
	GlobalSection(ProjectConfigurationPlatforms) = postSolution
		{F4CCCF8C-2D30-498B-B3F6-691E00718D35}.Debug|Win32.ActiveCfg = Debug|Win32
		{F4CCCF8C-2D30-498B-B3F6-691E00718D35}.Debug|Win32.Build.0 = Debug|Win32
		{F4CCCF8C-2D30-498B-B3F6-691E00718D35}.Release|Win32.ActiveCfg = Release|Win32
		{F4CCCF8C-2D30-498B-B3F6-691E00718D35}.Release|Win32.Build.0 = Release|Win32
	EndGlobalSection
	GlobalSection(SolutionProperties) = preSolution
		HideSolutionNode = FALSE
	EndGlobalSection
EndGlobal
