
Microsoft Visual Studio Solution File, Format Version 10.00
# Visual C++ Express 2008
Project("{8BC9CEB8-8B4A-11D0-8D11-00A0C91BC942}") = "1231_最大连续子序列", "1231_最大连续子序列\1231_最大连续子序列.vcproj", "{82A8D423-6B3E-4F96-A2A8-C7174630BEFC}"
EndProject
Global
	GlobalSection(SolutionConfigurationPlatforms) = preSolution
		Debug|Win32 = Debug|Win32
		Release|Win32 = Release|Win32
	EndGlobalSection
	GlobalSection(ProjectConfigurationPlatforms) = postSolution
		{82A8D423-6B3E-4F96-A2A8-C7174630BEFC}.Debug|Win32.ActiveCfg = Debug|Win32
		{82A8D423-6B3E-4F96-A2A8-C7174630BEFC}.Debug|Win32.Build.0 = Debug|Win32
		{82A8D423-6B3E-4F96-A2A8-C7174630BEFC}.Release|Win32.ActiveCfg = Release|Win32
		{82A8D423-6B3E-4F96-A2A8-C7174630BEFC}.Release|Win32.Build.0 = Release|Win32
	EndGlobalSection
	GlobalSection(SolutionProperties) = preSolution
		HideSolutionNode = FALSE
	EndGlobalSection
EndGlobal
