
Microsoft Visual Studio Solution File, Format Version 10.00
# Visual C++ Express 2008
Project("{8BC9CEB8-8B4A-11D0-8D11-00A0C91BC942}") = "1143_Tri_Tiling", "1143_Tri_Tiling\1143_Tri_Tiling.vcproj", "{68FAB1F8-3BEE-4A08-9491-509EABFF83FA}"
EndProject
Global
	GlobalSection(SolutionConfigurationPlatforms) = preSolution
		Debug|Win32 = Debug|Win32
		Release|Win32 = Release|Win32
	EndGlobalSection
	GlobalSection(ProjectConfigurationPlatforms) = postSolution
		{68FAB1F8-3BEE-4A08-9491-509EABFF83FA}.Debug|Win32.ActiveCfg = Debug|Win32
		{68FAB1F8-3BEE-4A08-9491-509EABFF83FA}.Debug|Win32.Build.0 = Debug|Win32
		{68FAB1F8-3BEE-4A08-9491-509EABFF83FA}.Release|Win32.ActiveCfg = Release|Win32
		{68FAB1F8-3BEE-4A08-9491-509EABFF83FA}.Release|Win32.Build.0 = Release|Win32
	EndGlobalSection
	GlobalSection(SolutionProperties) = preSolution
		HideSolutionNode = FALSE
	EndGlobalSection
EndGlobal
