
Microsoft Visual Studio Solution File, Format Version 10.00
# Visual C++ Express 2008
Project("{8BC9CEB8-8B4A-11D0-8D11-00A0C91BC942}") = "1061_Rightmost_Digit", "1061_Rightmost_Digit\1061_Rightmost_Digit.vcproj", "{BF502B23-AB6C-4F27-870A-0F9C4F7E50B3}"
EndProject
Global
	GlobalSection(SolutionConfigurationPlatforms) = preSolution
		Debug|Win32 = Debug|Win32
		Release|Win32 = Release|Win32
	EndGlobalSection
	GlobalSection(ProjectConfigurationPlatforms) = postSolution
		{BF502B23-AB6C-4F27-870A-0F9C4F7E50B3}.Debug|Win32.ActiveCfg = Debug|Win32
		{BF502B23-AB6C-4F27-870A-0F9C4F7E50B3}.Debug|Win32.Build.0 = Debug|Win32
		{BF502B23-AB6C-4F27-870A-0F9C4F7E50B3}.Release|Win32.ActiveCfg = Release|Win32
		{BF502B23-AB6C-4F27-870A-0F9C4F7E50B3}.Release|Win32.Build.0 = Release|Win32
	EndGlobalSection
	GlobalSection(SolutionProperties) = preSolution
		HideSolutionNode = FALSE
	EndGlobalSection
EndGlobal
