
Microsoft Visual Studio Solution File, Format Version 10.00
# Visual C++ Express 2008
Project("{8BC9CEB8-8B4A-11D0-8D11-00A0C91BC942}") = "1234_开门人和关门人", "1234_开门人和关门人\1234_开门人和关门人.vcproj", "{2AB6B337-964B-4EC0-8082-B92BE1A7D6A0}"
EndProject
Global
	GlobalSection(SolutionConfigurationPlatforms) = preSolution
		Debug|Win32 = Debug|Win32
		Release|Win32 = Release|Win32
	EndGlobalSection
	GlobalSection(ProjectConfigurationPlatforms) = postSolution
		{2AB6B337-964B-4EC0-8082-B92BE1A7D6A0}.Debug|Win32.ActiveCfg = Debug|Win32
		{2AB6B337-964B-4EC0-8082-B92BE1A7D6A0}.Debug|Win32.Build.0 = Debug|Win32
		{2AB6B337-964B-4EC0-8082-B92BE1A7D6A0}.Release|Win32.ActiveCfg = Release|Win32
		{2AB6B337-964B-4EC0-8082-B92BE1A7D6A0}.Release|Win32.Build.0 = Release|Win32
	EndGlobalSection
	GlobalSection(SolutionProperties) = preSolution
		HideSolutionNode = FALSE
	EndGlobalSection
EndGlobal
