
Microsoft Visual Studio Solution File, Format Version 10.00
# Visual C++ Express 2008
Project("{8BC9CEB8-8B4A-11D0-8D11-00A0C91BC942}") = "1860_统计字符", "1860_统计字符\1860_统计字符.vcproj", "{7ABE57DB-2C07-4D16-8C8E-D2FBA48CEB0B}"
EndProject
Global
	GlobalSection(SolutionConfigurationPlatforms) = preSolution
		Debug|Win32 = Debug|Win32
		Release|Win32 = Release|Win32
	EndGlobalSection
	GlobalSection(ProjectConfigurationPlatforms) = postSolution
		{7ABE57DB-2C07-4D16-8C8E-D2FBA48CEB0B}.Debug|Win32.ActiveCfg = Debug|Win32
		{7ABE57DB-2C07-4D16-8C8E-D2FBA48CEB0B}.Debug|Win32.Build.0 = Debug|Win32
		{7ABE57DB-2C07-4D16-8C8E-D2FBA48CEB0B}.Release|Win32.ActiveCfg = Release|Win32
		{7ABE57DB-2C07-4D16-8C8E-D2FBA48CEB0B}.Release|Win32.Build.0 = Release|Win32
	EndGlobalSection
	GlobalSection(SolutionProperties) = preSolution
		HideSolutionNode = FALSE
	EndGlobalSection
EndGlobal
