
Microsoft Visual Studio Solution File, Format Version 9.00
# Visual Studio 2005
Project("{8BC9CEB8-8B4A-11D0-8D11-00A0C91BC942}") = "sort3", "sort3\sort3.vcproj", "{6B20647D-3C9D-4D7C-9524-55A126180B6C}"
EndProject
Global
	GlobalSection(SolutionConfigurationPlatforms) = preSolution
		Debug|Win32 = Debug|Win32
		Release|Win32 = Release|Win32
	EndGlobalSection
	GlobalSection(ProjectConfigurationPlatforms) = postSolution
		{6B20647D-3C9D-4D7C-9524-55A126180B6C}.Debug|Win32.ActiveCfg = Debug|Win32
		{6B20647D-3C9D-4D7C-9524-55A126180B6C}.Debug|Win32.Build.0 = Debug|Win32
		{6B20647D-3C9D-4D7C-9524-55A126180B6C}.Release|Win32.ActiveCfg = Release|Win32
		{6B20647D-3C9D-4D7C-9524-55A126180B6C}.Release|Win32.Build.0 = Release|Win32
	EndGlobalSection
	GlobalSection(SolutionProperties) = preSolution
		HideSolutionNode = FALSE
	EndGlobalSection
EndGlobal
