
Microsoft Visual Studio Solution File, Format Version 10.00
# Visual C++ Express 2008
Project("{8BC9CEB8-8B4A-11D0-8D11-00A0C91BC942}") = "window", "window\window.vcproj", "{BD009577-CC9C-49E6-9712-484AA62F9B02}"
EndProject
Global
	GlobalSection(SolutionConfigurationPlatforms) = preSolution
		Debug|Win32 = Debug|Win32
		Release|Win32 = Release|Win32
	EndGlobalSection
	GlobalSection(ProjectConfigurationPlatforms) = postSolution
		{BD009577-CC9C-49E6-9712-484AA62F9B02}.Debug|Win32.ActiveCfg = Debug|Win32
		{BD009577-CC9C-49E6-9712-484AA62F9B02}.Debug|Win32.Build.0 = Debug|Win32
		{BD009577-CC9C-49E6-9712-484AA62F9B02}.Release|Win32.ActiveCfg = Release|Win32
		{BD009577-CC9C-49E6-9712-484AA62F9B02}.Release|Win32.Build.0 = Release|Win32
	EndGlobalSection
	GlobalSection(SolutionProperties) = preSolution
		HideSolutionNode = FALSE
	EndGlobalSection
EndGlobal
