
Microsoft Visual Studio Solution File, Format Version 10.00
# Visual C++ Express 2008
Project("{8BC9CEB8-8B4A-11D0-8D11-00A0C91BC942}") = "2047_阿牛的EOF牛肉串", "2047_阿牛的EOF牛肉串\2047_阿牛的EOF牛肉串.vcproj", "{16D83F8E-1ECD-403F-8EFA-F189328EED0E}"
EndProject
Global
	GlobalSection(SolutionConfigurationPlatforms) = preSolution
		Debug|Win32 = Debug|Win32
		Release|Win32 = Release|Win32
	EndGlobalSection
	GlobalSection(ProjectConfigurationPlatforms) = postSolution
		{16D83F8E-1ECD-403F-8EFA-F189328EED0E}.Debug|Win32.ActiveCfg = Debug|Win32
		{16D83F8E-1ECD-403F-8EFA-F189328EED0E}.Debug|Win32.Build.0 = Debug|Win32
		{16D83F8E-1ECD-403F-8EFA-F189328EED0E}.Release|Win32.ActiveCfg = Release|Win32
		{16D83F8E-1ECD-403F-8EFA-F189328EED0E}.Release|Win32.Build.0 = Release|Win32
	EndGlobalSection
	GlobalSection(SolutionProperties) = preSolution
		HideSolutionNode = FALSE
	EndGlobalSection
EndGlobal
