
Microsoft Visual Studio Solution File, Format Version 10.00
# Visual C++ Express 2008
Project("{8BC9CEB8-8B4A-11D0-8D11-00A0C91BC942}") = "2087_剪花布条", "2087_剪花布条\2087_剪花布条.vcproj", "{607BFEE1-027D-430A-8348-42D8DF07D24C}"
EndProject
Global
	GlobalSection(SolutionConfigurationPlatforms) = preSolution
		Debug|Win32 = Debug|Win32
		Release|Win32 = Release|Win32
	EndGlobalSection
	GlobalSection(ProjectConfigurationPlatforms) = postSolution
		{607BFEE1-027D-430A-8348-42D8DF07D24C}.Debug|Win32.ActiveCfg = Debug|Win32
		{607BFEE1-027D-430A-8348-42D8DF07D24C}.Debug|Win32.Build.0 = Debug|Win32
		{607BFEE1-027D-430A-8348-42D8DF07D24C}.Release|Win32.ActiveCfg = Release|Win32
		{607BFEE1-027D-430A-8348-42D8DF07D24C}.Release|Win32.Build.0 = Release|Win32
	EndGlobalSection
	GlobalSection(SolutionProperties) = preSolution
		HideSolutionNode = FALSE
	EndGlobalSection
EndGlobal
