
Microsoft Visual Studio Solution File, Format Version 10.00
# Visual C++ Express 2008
Project("{8BC9CEB8-8B4A-11D0-8D11-00A0C91BC942}") = "3281_Dining", "3281_Dining\3281_Dining.vcproj", "{EDD9F1B8-9A27-414A-A3E9-12D330207FF1}"
EndProject
Global
	GlobalSection(SolutionConfigurationPlatforms) = preSolution
		Debug|Win32 = Debug|Win32
		Release|Win32 = Release|Win32
	EndGlobalSection
	GlobalSection(ProjectConfigurationPlatforms) = postSolution
		{EDD9F1B8-9A27-414A-A3E9-12D330207FF1}.Debug|Win32.ActiveCfg = Debug|Win32
		{EDD9F1B8-9A27-414A-A3E9-12D330207FF1}.Debug|Win32.Build.0 = Debug|Win32
		{EDD9F1B8-9A27-414A-A3E9-12D330207FF1}.Release|Win32.ActiveCfg = Release|Win32
		{EDD9F1B8-9A27-414A-A3E9-12D330207FF1}.Release|Win32.Build.0 = Release|Win32
	EndGlobalSection
	GlobalSection(SolutionProperties) = preSolution
		HideSolutionNode = FALSE
	EndGlobalSection
EndGlobal
