
Microsoft Visual Studio Solution File, Format Version 10.00
# Visual C++ Express 2008
Project("{8BC9CEB8-8B4A-11D0-8D11-00A0C91BC942}") = "1091_A+B", "1091_A+B\1091_A+B.vcproj", "{2B286B67-9021-4D53-B319-83282E610955}"
EndProject
Global
	GlobalSection(SolutionConfigurationPlatforms) = preSolution
		Debug|Win32 = Debug|Win32
		Release|Win32 = Release|Win32
	EndGlobalSection
	GlobalSection(ProjectConfigurationPlatforms) = postSolution
		{2B286B67-9021-4D53-B319-83282E610955}.Debug|Win32.ActiveCfg = Debug|Win32
		{2B286B67-9021-4D53-B319-83282E610955}.Debug|Win32.Build.0 = Debug|Win32
		{2B286B67-9021-4D53-B319-83282E610955}.Release|Win32.ActiveCfg = Release|Win32
		{2B286B67-9021-4D53-B319-83282E610955}.Release|Win32.Build.0 = Release|Win32
	EndGlobalSection
	GlobalSection(SolutionProperties) = preSolution
		HideSolutionNode = FALSE
	EndGlobalSection
EndGlobal
