
Microsoft Visual Studio Solution File, Format Version 10.00
# Visual C++ Express 2008
Project("{8BC9CEB8-8B4A-11D0-8D11-00A0C91BC942}") = "1176_免费馅饼", "1176_免费馅饼\1176_免费馅饼.vcproj", "{73F5EF95-925D-4A90-81BB-F6CE1579C478}"
EndProject
Global
	GlobalSection(SolutionConfigurationPlatforms) = preSolution
		Debug|Win32 = Debug|Win32
		Release|Win32 = Release|Win32
	EndGlobalSection
	GlobalSection(ProjectConfigurationPlatforms) = postSolution
		{73F5EF95-925D-4A90-81BB-F6CE1579C478}.Debug|Win32.ActiveCfg = Debug|Win32
		{73F5EF95-925D-4A90-81BB-F6CE1579C478}.Debug|Win32.Build.0 = Debug|Win32
		{73F5EF95-925D-4A90-81BB-F6CE1579C478}.Release|Win32.ActiveCfg = Release|Win32
		{73F5EF95-925D-4A90-81BB-F6CE1579C478}.Release|Win32.Build.0 = Release|Win32
	EndGlobalSection
	GlobalSection(SolutionProperties) = preSolution
		HideSolutionNode = FALSE
	EndGlobalSection
EndGlobal
