
Microsoft Visual Studio Solution File, Format Version 10.00
# Visual C++ Express 2008
Project("{8BC9CEB8-8B4A-11D0-8D11-00A0C91BC942}") = "3105_Fred's_Lotto_Tickets", "3105_Fred's_Lotto_Tickets\3105_Fred's_Lotto_Tickets.vcproj", "{DA52009D-EFB2-4F41-B7CD-B72F234CE878}"
EndProject
Global
	GlobalSection(SolutionConfigurationPlatforms) = preSolution
		Debug|Win32 = Debug|Win32
		Release|Win32 = Release|Win32
	EndGlobalSection
	GlobalSection(ProjectConfigurationPlatforms) = postSolution
		{DA52009D-EFB2-4F41-B7CD-B72F234CE878}.Debug|Win32.ActiveCfg = Debug|Win32
		{DA52009D-EFB2-4F41-B7CD-B72F234CE878}.Debug|Win32.Build.0 = Debug|Win32
		{DA52009D-EFB2-4F41-B7CD-B72F234CE878}.Release|Win32.ActiveCfg = Release|Win32
		{DA52009D-EFB2-4F41-B7CD-B72F234CE878}.Release|Win32.Build.0 = Release|Win32
	EndGlobalSection
	GlobalSection(SolutionProperties) = preSolution
		HideSolutionNode = FALSE
	EndGlobalSection
EndGlobal
