
Microsoft Visual Studio Solution File, Format Version 11.00
# Visual Studio 2010
Project("{8BC9CEB8-8B4A-11D0-8D11-00A0C91BC942}") = "A", "A\A.vcxproj", "{D0C27FA9-9CB9-4EFE-87E9-A5F3E6443906}"
EndProject
Global
	GlobalSection(SolutionConfigurationPlatforms) = preSolution
		Debug|Win32 = Debug|Win32
		Release|Win32 = Release|Win32
	EndGlobalSection
	GlobalSection(ProjectConfigurationPlatforms) = postSolution
		{D0C27FA9-9CB9-4EFE-87E9-A5F3E6443906}.Debug|Win32.ActiveCfg = Debug|Win32
		{D0C27FA9-9CB9-4EFE-87E9-A5F3E6443906}.Debug|Win32.Build.0 = Debug|Win32
		{D0C27FA9-9CB9-4EFE-87E9-A5F3E6443906}.Release|Win32.ActiveCfg = Release|Win32
		{D0C27FA9-9CB9-4EFE-87E9-A5F3E6443906}.Release|Win32.Build.0 = Release|Win32
	EndGlobalSection
	GlobalSection(SolutionProperties) = preSolution
		HideSolutionNode = FALSE
	EndGlobalSection
EndGlobal
