
Microsoft Visual Studio Solution File, Format Version 10.00
# Visual C++ Express 2008
Project("{8BC9CEB8-8B4A-11D0-8D11-00A0C91BC942}") = "1025_Constructing_Roads_In_JGShining's_Kingdom", "1025_Constructing_Roads_In_JGShining's_Kingdom\1025_Constructing_Roads_In_JGShining's_Kingdom.vcproj", "{ECECF574-F663-430A-A03E-B513A25BC9A4}"
EndProject
Global
	GlobalSection(SolutionConfigurationPlatforms) = preSolution
		Debug|Win32 = Debug|Win32
		Release|Win32 = Release|Win32
	EndGlobalSection
	GlobalSection(ProjectConfigurationPlatforms) = postSolution
		{ECECF574-F663-430A-A03E-B513A25BC9A4}.Debug|Win32.ActiveCfg = Debug|Win32
		{ECECF574-F663-430A-A03E-B513A25BC9A4}.Debug|Win32.Build.0 = Debug|Win32
		{ECECF574-F663-430A-A03E-B513A25BC9A4}.Release|Win32.ActiveCfg = Release|Win32
		{ECECF574-F663-430A-A03E-B513A25BC9A4}.Release|Win32.Build.0 = Release|Win32
	EndGlobalSection
	GlobalSection(SolutionProperties) = preSolution
		HideSolutionNode = FALSE
	EndGlobalSection
EndGlobal
