
Microsoft Visual Studio Solution File, Format Version 10.00
# Visual C++ Express 2008
Project("{8BC9CEB8-8B4A-11D0-8D11-00A0C91BC942}") = "1014_Uniform_Generator", "1014_Uniform_Generator\1014_Uniform_Generator.vcproj", "{15BD48B2-2EAC-4FD3-BDAF-828CA957E961}"
EndProject
Global
	GlobalSection(SolutionConfigurationPlatforms) = preSolution
		Debug|Win32 = Debug|Win32
		Release|Win32 = Release|Win32
	EndGlobalSection
	GlobalSection(ProjectConfigurationPlatforms) = postSolution
		{15BD48B2-2EAC-4FD3-BDAF-828CA957E961}.Debug|Win32.ActiveCfg = Debug|Win32
		{15BD48B2-2EAC-4FD3-BDAF-828CA957E961}.Debug|Win32.Build.0 = Debug|Win32
		{15BD48B2-2EAC-4FD3-BDAF-828CA957E961}.Release|Win32.ActiveCfg = Release|Win32
		{15BD48B2-2EAC-4FD3-BDAF-828CA957E961}.Release|Win32.Build.0 = Release|Win32
	EndGlobalSection
	GlobalSection(SolutionProperties) = preSolution
		HideSolutionNode = FALSE
	EndGlobalSection
EndGlobal
