
Microsoft Visual Studio Solution File, Format Version 10.00
# Visual C++ Express 2008
Project("{8BC9CEB8-8B4A-11D0-8D11-00A0C91BC942}") = "2064_汉诺塔III", "2064_汉诺塔III\2064_汉诺塔III.vcproj", "{EE0268C9-E698-418A-BF3C-9A527FB23E3E}"
EndProject
Global
	GlobalSection(SolutionConfigurationPlatforms) = preSolution
		Debug|Win32 = Debug|Win32
		Release|Win32 = Release|Win32
	EndGlobalSection
	GlobalSection(ProjectConfigurationPlatforms) = postSolution
		{EE0268C9-E698-418A-BF3C-9A527FB23E3E}.Debug|Win32.ActiveCfg = Debug|Win32
		{EE0268C9-E698-418A-BF3C-9A527FB23E3E}.Debug|Win32.Build.0 = Debug|Win32
		{EE0268C9-E698-418A-BF3C-9A527FB23E3E}.Release|Win32.ActiveCfg = Release|Win32
		{EE0268C9-E698-418A-BF3C-9A527FB23E3E}.Release|Win32.Build.0 = Release|Win32
	EndGlobalSection
	GlobalSection(SolutionProperties) = preSolution
		HideSolutionNode = FALSE
	EndGlobalSection
EndGlobal
