
Microsoft Visual Studio Solution File, Format Version 10.00
# Visual C++ Express 2008
Project("{8BC9CEB8-8B4A-11D0-8D11-00A0C91BC942}") = "1172_猜数字", "1172_猜数字\1172_猜数字.vcproj", "{63674C72-89D2-4E00-98A0-FAB278BB5F9B}"
EndProject
Global
	GlobalSection(SolutionConfigurationPlatforms) = preSolution
		Debug|Win32 = Debug|Win32
		Release|Win32 = Release|Win32
	EndGlobalSection
	GlobalSection(ProjectConfigurationPlatforms) = postSolution
		{63674C72-89D2-4E00-98A0-FAB278BB5F9B}.Debug|Win32.ActiveCfg = Debug|Win32
		{63674C72-89D2-4E00-98A0-FAB278BB5F9B}.Debug|Win32.Build.0 = Debug|Win32
		{63674C72-89D2-4E00-98A0-FAB278BB5F9B}.Release|Win32.ActiveCfg = Release|Win32
		{63674C72-89D2-4E00-98A0-FAB278BB5F9B}.Release|Win32.Build.0 = Release|Win32
	EndGlobalSection
	GlobalSection(SolutionProperties) = preSolution
		HideSolutionNode = FALSE
	EndGlobalSection
EndGlobal
