
Microsoft Visual Studio Solution File, Format Version 10.00
# Visual C++ Express 2008
Project("{8BC9CEB8-8B4A-11D0-8D11-00A0C91BC942}") = "2090_算菜价", "2090_算菜价\2090_算菜价.vcproj", "{2E09957C-2251-453D-A6B2-AB029B75ABAF}"
EndProject
Global
	GlobalSection(SolutionConfigurationPlatforms) = preSolution
		Debug|Win32 = Debug|Win32
		Release|Win32 = Release|Win32
	EndGlobalSection
	GlobalSection(ProjectConfigurationPlatforms) = postSolution
		{2E09957C-2251-453D-A6B2-AB029B75ABAF}.Debug|Win32.ActiveCfg = Debug|Win32
		{2E09957C-2251-453D-A6B2-AB029B75ABAF}.Debug|Win32.Build.0 = Debug|Win32
		{2E09957C-2251-453D-A6B2-AB029B75ABAF}.Release|Win32.ActiveCfg = Release|Win32
		{2E09957C-2251-453D-A6B2-AB029B75ABAF}.Release|Win32.Build.0 = Release|Win32
	EndGlobalSection
	GlobalSection(SolutionProperties) = preSolution
		HideSolutionNode = FALSE
	EndGlobalSection
EndGlobal
